
Microsoft Visual Studio Solution File, Format Version 10.00
# Visual Studio 2008
Project("{FAE04EC0-301F-11D3-BF4B-00C04F79EFBC}") = "ModelessDialogSample", "ModelessDialogSample\ModelessDialogSample.csproj", "{3C8CF9A3-DDA2-4A92-B1E6-707191891310}"
EndProject
Global
	GlobalSection(SolutionConfigurationPlatforms) = preSolution
		Debug|Any CPU = Debug|Any CPU
		Release|Any CPU = Release|Any CPU
	EndGlobalSection
	GlobalSection(ProjectConfigurationPlatforms) = postSolution
		{3C8CF9A3-DDA2-4A92-B1E6-707191891310}.Debug|Any CPU.ActiveCfg = Debug|Any CPU
		{3C8CF9A3-DDA2-4A92-B1E6-707191891310}.Debug|Any CPU.Build.0 = Debug|Any CPU
		{3C8CF9A3-DDA2-4A92-B1E6-707191891310}.Debug|Any CPU.Deploy.0 = Debug|Any CPU
		{3C8CF9A3-DDA2-4A92-B1E6-707191891310}.Release|Any CPU.ActiveCfg = Release|Any CPU
		{3C8CF9A3-DDA2-4A92-B1E6-707191891310}.Release|Any CPU.Build.0 = Release|Any CPU
		{3C8CF9A3-DDA2-4A92-B1E6-707191891310}.Release|Any CPU.Deploy.0 = Release|Any CPU
	EndGlobalSection
	GlobalSection(SolutionProperties) = preSolution
		HideSolutionNode = FALSE
	EndGlobalSection
EndGlobal
