
Microsoft Visual Studio Solution File, Format Version 10.00
# Visual Studio 2008
Project("{FAE04EC0-301F-11D3-BF4B-00C04F79EFBC}") = "SocketSslClientWithClientAuthSample", "SocketSslClientWithClientAuthSample\SocketSslClientWithClientAuthSample.csproj", "{A569A523-9004-4546-89C7-E06E71A04FFE}"
EndProject
Global
	GlobalSection(SolutionConfigurationPlatforms) = preSolution
		Debug|Any CPU = Debug|Any CPU
		Release|Any CPU = Release|Any CPU
	EndGlobalSection
	GlobalSection(ProjectConfigurationPlatforms) = postSolution
		{A569A523-9004-4546-89C7-E06E71A04FFE}.Debug|Any CPU.ActiveCfg = Debug|Any CPU
		{A569A523-9004-4546-89C7-E06E71A04FFE}.Debug|Any CPU.Build.0 = Debug|Any CPU
		{A569A523-9004-4546-89C7-E06E71A04FFE}.Debug|Any CPU.Deploy.0 = Debug|Any CPU
		{A569A523-9004-4546-89C7-E06E71A04FFE}.Release|Any CPU.ActiveCfg = Release|Any CPU
		{A569A523-9004-4546-89C7-E06E71A04FFE}.Release|Any CPU.Build.0 = Release|Any CPU
		{A569A523-9004-4546-89C7-E06E71A04FFE}.Release|Any CPU.Deploy.0 = Release|Any CPU
	EndGlobalSection
	GlobalSection(SolutionProperties) = preSolution
		HideSolutionNode = FALSE
	EndGlobalSection
EndGlobal
