
Microsoft Visual Studio Solution File, Format Version 10.00
# Visual Studio 2008
Project("{FAE04EC0-301F-11D3-BF4B-00C04F79EFBC}") = "XmlReaderSample", "XmlReaderSample\XmlReaderSample.csproj", "{AD6A4169-098E-4D39-BDDD-11637FBCBF4D}"
EndProject
Global
	GlobalSection(SolutionConfigurationPlatforms) = preSolution
		Debug|Any CPU = Debug|Any CPU
		Release|Any CPU = Release|Any CPU
	EndGlobalSection
	GlobalSection(ProjectConfigurationPlatforms) = postSolution
		{AD6A4169-098E-4D39-BDDD-11637FBCBF4D}.Debug|Any CPU.ActiveCfg = Debug|Any CPU
		{AD6A4169-098E-4D39-BDDD-11637FBCBF4D}.Debug|Any CPU.Build.0 = Debug|Any CPU
		{AD6A4169-098E-4D39-BDDD-11637FBCBF4D}.Debug|Any CPU.Deploy.0 = Debug|Any CPU
		{AD6A4169-098E-4D39-BDDD-11637FBCBF4D}.Release|Any CPU.ActiveCfg = Release|Any CPU
		{AD6A4169-098E-4D39-BDDD-11637FBCBF4D}.Release|Any CPU.Build.0 = Release|Any CPU
		{AD6A4169-098E-4D39-BDDD-11637FBCBF4D}.Release|Any CPU.Deploy.0 = Release|Any CPU
	EndGlobalSection
	GlobalSection(SolutionProperties) = preSolution
		HideSolutionNode = FALSE
	EndGlobalSection
EndGlobal
