
Microsoft Visual Studio Solution File, Format Version 10.00
# Visual Studio 2008
Project("{FAE04EC0-301F-11D3-BF4B-00C04F79EFBC}") = "OscillatorSampleEmulator", "OscillatorSampleEmulator\OscillatorSampleEmulator.csproj", "{C174C77B-C475-42D6-B382-24F200D6CD34}"
EndProject
Global
	GlobalSection(SolutionConfigurationPlatforms) = preSolution
		Debug|Any CPU = Debug|Any CPU
		Release|Any CPU = Release|Any CPU
	EndGlobalSection
	GlobalSection(ProjectConfigurationPlatforms) = postSolution
		{C174C77B-C475-42D6-B382-24F200D6CD34}.Debug|Any CPU.ActiveCfg = Debug|Any CPU
		{C174C77B-C475-42D6-B382-24F200D6CD34}.Debug|Any CPU.Build.0 = Debug|Any CPU
		{C174C77B-C475-42D6-B382-24F200D6CD34}.Release|Any CPU.ActiveCfg = Release|Any CPU
		{C174C77B-C475-42D6-B382-24F200D6CD34}.Release|Any CPU.Build.0 = Release|Any CPU
	EndGlobalSection
	GlobalSection(SolutionProperties) = preSolution
		HideSolutionNode = FALSE
	EndGlobalSection
EndGlobal
