
Microsoft Visual Studio Solution File, Format Version 10.00
# Visual Studio 2008
Project("{FAE04EC0-301F-11D3-BF4B-00C04F79EFBC}") = "MFResolvingClientSample", "MFResolvingClientSample\MFResolvingClientSample.csproj", "{46062FE6-4A76-409B-8F44-47566CCBF315}"
EndProject
Global
	GlobalSection(SolutionConfigurationPlatforms) = preSolution
		Debug|Any CPU = Debug|Any CPU
		Release|Any CPU = Release|Any CPU
	EndGlobalSection
	GlobalSection(ProjectConfigurationPlatforms) = postSolution
		{46062FE6-4A76-409B-8F44-47566CCBF315}.Debug|Any CPU.ActiveCfg = Debug|Any CPU
		{46062FE6-4A76-409B-8F44-47566CCBF315}.Debug|Any CPU.Build.0 = Debug|Any CPU
		{46062FE6-4A76-409B-8F44-47566CCBF315}.Debug|Any CPU.Deploy.0 = Debug|Any CPU
		{46062FE6-4A76-409B-8F44-47566CCBF315}.Release|Any CPU.ActiveCfg = Release|Any CPU
		{46062FE6-4A76-409B-8F44-47566CCBF315}.Release|Any CPU.Build.0 = Release|Any CPU
		{46062FE6-4A76-409B-8F44-47566CCBF315}.Release|Any CPU.Deploy.0 = Release|Any CPU
	EndGlobalSection
	GlobalSection(SolutionProperties) = preSolution
		HideSolutionNode = FALSE
	EndGlobalSection
EndGlobal
