
Microsoft Visual Studio Solution File, Format Version 10.00
# Visual Studio 2008
Project("{FAE04EC0-301F-11D3-BF4B-00C04F79EFBC}") = "BinarySerializationSample", "BinarySerializationSample\BinarySerializationSample.csproj", "{688E6444-7B47-4C76-8B57-8ACF6A6900D6}"
EndProject
Global
	GlobalSection(SolutionConfigurationPlatforms) = preSolution
		Debug|Any CPU = Debug|Any CPU
		Release|Any CPU = Release|Any CPU
	EndGlobalSection
	GlobalSection(ProjectConfigurationPlatforms) = postSolution
		{688E6444-7B47-4C76-8B57-8ACF6A6900D6}.Debug|Any CPU.ActiveCfg = Debug|Any CPU
		{688E6444-7B47-4C76-8B57-8ACF6A6900D6}.Debug|Any CPU.Build.0 = Debug|Any CPU
		{688E6444-7B47-4C76-8B57-8ACF6A6900D6}.Debug|Any CPU.Deploy.0 = Debug|Any CPU
		{688E6444-7B47-4C76-8B57-8ACF6A6900D6}.Release|Any CPU.ActiveCfg = Release|Any CPU
		{688E6444-7B47-4C76-8B57-8ACF6A6900D6}.Release|Any CPU.Build.0 = Release|Any CPU
		{688E6444-7B47-4C76-8B57-8ACF6A6900D6}.Release|Any CPU.Deploy.0 = Release|Any CPU
	EndGlobalSection
	GlobalSection(SolutionProperties) = preSolution
		HideSolutionNode = FALSE
	EndGlobalSection
EndGlobal
