
Microsoft Visual Studio Solution File, Format Version 10.00
# Visual Studio 2008
Project("{FAE04EC0-301F-11D3-BF4B-00C04F79EFBC}") = "NumberParsingSample", "NumberParsingSample\NumberParsingSample.csproj", "{22773C16-7E1D-40E5-B106-E99CF27651F2}"
EndProject
Global
	GlobalSection(SolutionConfigurationPlatforms) = preSolution
		Debug|Any CPU = Debug|Any CPU
		Release|Any CPU = Release|Any CPU
	EndGlobalSection
	GlobalSection(ProjectConfigurationPlatforms) = postSolution
		{22773C16-7E1D-40E5-B106-E99CF27651F2}.Debug|Any CPU.ActiveCfg = Debug|Any CPU
		{22773C16-7E1D-40E5-B106-E99CF27651F2}.Debug|Any CPU.Build.0 = Debug|Any CPU
		{22773C16-7E1D-40E5-B106-E99CF27651F2}.Debug|Any CPU.Deploy.0 = Debug|Any CPU
		{22773C16-7E1D-40E5-B106-E99CF27651F2}.Release|Any CPU.ActiveCfg = Release|Any CPU
		{22773C16-7E1D-40E5-B106-E99CF27651F2}.Release|Any CPU.Build.0 = Release|Any CPU
		{22773C16-7E1D-40E5-B106-E99CF27651F2}.Release|Any CPU.Deploy.0 = Release|Any CPU
	EndGlobalSection
	GlobalSection(SolutionProperties) = preSolution
		HideSolutionNode = FALSE
	EndGlobalSection
EndGlobal
