
Microsoft Visual Studio Solution File, Format Version 10.00
# Visual Studio 2008
Project("{FAE04EC0-301F-11D3-BF4B-00C04F79EFBC}") = "NewGuidSample", "NewGuidSample\NewGuidSample.csproj", "{600513A7-42BE-4741-97BC-D228EA0F66BB}"
EndProject
Global
	GlobalSection(SolutionConfigurationPlatforms) = preSolution
		Debug|Any CPU = Debug|Any CPU
		Release|Any CPU = Release|Any CPU
	EndGlobalSection
	GlobalSection(ProjectConfigurationPlatforms) = postSolution
		{600513A7-42BE-4741-97BC-D228EA0F66BB}.Debug|Any CPU.ActiveCfg = Debug|Any CPU
		{600513A7-42BE-4741-97BC-D228EA0F66BB}.Debug|Any CPU.Build.0 = Debug|Any CPU
		{600513A7-42BE-4741-97BC-D228EA0F66BB}.Debug|Any CPU.Deploy.0 = Debug|Any CPU
		{600513A7-42BE-4741-97BC-D228EA0F66BB}.Release|Any CPU.ActiveCfg = Release|Any CPU
		{600513A7-42BE-4741-97BC-D228EA0F66BB}.Release|Any CPU.Build.0 = Release|Any CPU
		{600513A7-42BE-4741-97BC-D228EA0F66BB}.Release|Any CPU.Deploy.0 = Release|Any CPU
	EndGlobalSection
	GlobalSection(SolutionProperties) = preSolution
		HideSolutionNode = FALSE
	EndGlobalSection
EndGlobal
