
Microsoft Visual Studio Solution File, Format Version 10.00
# Visual Studio 2008
Project("{FAE04EC0-301F-11D3-BF4B-00C04F79EFBC}") = "XteaDesktopSample", "XteaDesktopSample\XteaDesktopSample.csproj", "{11A391F3-E8F2-4F9F-9657-2E398B227A84}"
EndProject
Global
	GlobalSection(SolutionConfigurationPlatforms) = preSolution
		Debug|Any CPU = Debug|Any CPU
		Release|Any CPU = Release|Any CPU
	EndGlobalSection
	GlobalSection(ProjectConfigurationPlatforms) = postSolution
		{11A391F3-E8F2-4F9F-9657-2E398B227A84}.Debug|Any CPU.ActiveCfg = Debug|Any CPU
		{11A391F3-E8F2-4F9F-9657-2E398B227A84}.Debug|Any CPU.Build.0 = Debug|Any CPU
		{11A391F3-E8F2-4F9F-9657-2E398B227A84}.Release|Any CPU.ActiveCfg = Release|Any CPU
		{11A391F3-E8F2-4F9F-9657-2E398B227A84}.Release|Any CPU.Build.0 = Release|Any CPU
	EndGlobalSection
	GlobalSection(SolutionProperties) = preSolution
		HideSolutionNode = FALSE
	EndGlobalSection
EndGlobal
