
Microsoft Visual Studio Solution File, Format Version 10.00
# Visual Studio 2008
Project("{FAE04EC0-301F-11D3-BF4B-00C04F79EFBC}") = "ColorGradientSample", "ColorGradientSample\ColorGradientSample.csproj", "{CAB38868-EB99-4813-95D0-740340CD1CDC}"
EndProject
Global
	GlobalSection(SolutionConfigurationPlatforms) = preSolution
		Debug|Any CPU = Debug|Any CPU
		Release|Any CPU = Release|Any CPU
	EndGlobalSection
	GlobalSection(ProjectConfigurationPlatforms) = postSolution
		{CAB38868-EB99-4813-95D0-740340CD1CDC}.Debug|Any CPU.ActiveCfg = Debug|Any CPU
		{CAB38868-EB99-4813-95D0-740340CD1CDC}.Debug|Any CPU.Build.0 = Debug|Any CPU
		{CAB38868-EB99-4813-95D0-740340CD1CDC}.Debug|Any CPU.Deploy.0 = Debug|Any CPU
		{CAB38868-EB99-4813-95D0-740340CD1CDC}.Release|Any CPU.ActiveCfg = Release|Any CPU
		{CAB38868-EB99-4813-95D0-740340CD1CDC}.Release|Any CPU.Build.0 = Release|Any CPU
		{CAB38868-EB99-4813-95D0-740340CD1CDC}.Release|Any CPU.Deploy.0 = Release|Any CPU
	EndGlobalSection
	GlobalSection(SolutionProperties) = preSolution
		HideSolutionNode = FALSE
	EndGlobalSection
EndGlobal
