
Microsoft Visual Studio Solution File, Format Version 10.00
# Visual Studio 2008
Project("{FAE04EC0-301F-11D3-BF4B-00C04F79EFBC}") = "PipeDesktopSample", "PipeDesktopSample\PipeDesktopSample.csproj", "{DE8355FB-05FD-45F8-AF2D-3D8BC1AF84F7}"
EndProject
Global
	GlobalSection(SolutionConfigurationPlatforms) = preSolution
		Debug|Any CPU = Debug|Any CPU
		Release|Any CPU = Release|Any CPU
	EndGlobalSection
	GlobalSection(ProjectConfigurationPlatforms) = postSolution
		{DE8355FB-05FD-45F8-AF2D-3D8BC1AF84F7}.Debug|Any CPU.ActiveCfg = Debug|Any CPU
		{DE8355FB-05FD-45F8-AF2D-3D8BC1AF84F7}.Debug|Any CPU.Build.0 = Debug|Any CPU
		{DE8355FB-05FD-45F8-AF2D-3D8BC1AF84F7}.Release|Any CPU.ActiveCfg = Release|Any CPU
		{DE8355FB-05FD-45F8-AF2D-3D8BC1AF84F7}.Release|Any CPU.Build.0 = Release|Any CPU
	EndGlobalSection
	GlobalSection(SolutionProperties) = preSolution
		HideSolutionNode = FALSE
	EndGlobalSection
EndGlobal
